
Microsoft Visual Studio Solution File, Format Version 12.00
# Visual Studio Version 17
VisualStudioVersion = 17.9.34616.47
MinimumVisualStudioVersion = 10.0.40219.1
Project("{FAE04EC0-301F-11D3-BF4B-00C04F79EFBC}") = "IS3050-001 Group Development", "IS3050-001 Group Development\IS3050-001 Group Development.csproj", "{09E341D4-33BC-44C1-9412-206F83EC95F5}"
EndProject
Global
	GlobalSection(SolutionConfigurationPlatforms) = preSolution
		Debug|Any CPU = Debug|Any CPU
		Release|Any CPU = Release|Any CPU
	EndGlobalSection
	GlobalSection(ProjectConfigurationPlatforms) = postSolution
		{09E341D4-33BC-44C1-9412-206F83EC95F5}.Debug|Any CPU.ActiveCfg = Debug|Any CPU
		{09E341D4-33BC-44C1-9412-206F83EC95F5}.Debug|Any CPU.Build.0 = Debug|Any CPU
		{09E341D4-33BC-44C1-9412-206F83EC95F5}.Release|Any CPU.ActiveCfg = Release|Any CPU
		{09E341D4-33BC-44C1-9412-206F83EC95F5}.Release|Any CPU.Build.0 = Release|Any CPU
	EndGlobalSection
	GlobalSection(SolutionProperties) = preSolution
		HideSolutionNode = FALSE
	EndGlobalSection
	GlobalSection(ExtensibilityGlobals) = postSolution
		SolutionGuid = {DB4CB5B8-1D99-4076-98AE-DD9AF1982FC8}
	EndGlobalSection
EndGlobal
